
Microsoft Visual Studio Solution File, Format Version 12.00
# Visual Studio Version 17
VisualStudioVersion = 17.10.35013.160
MinimumVisualStudioVersion = 10.0.40219.1
Project("{9A19103F-16F7-4668-BE54-9A1E7A4F7556}") = "TextEditor.WpfApp", "src\TextEditor.WpfApp\TextEditor.WpfApp.csproj", "{49ED7FBC-9879-4526-AD43-A4AC451FEB81}"
EndProject
Project("{9A19103F-16F7-4668-BE54-9A1E7A4F7556}") = "FilesHandler", "src\FilesHandler\FilesHandler.csproj", "{6AFDBE96-42A4-4496-9248-B29DC9F073E0}"
EndProject
Project("{FAE04EC0-301F-11D3-BF4B-00C04F79EFBC}") = "TextEditor.Test", "test\TextEditor.Test\TextEditor.Test.csproj", "{FAE93517-6F50-49ED-A99C-262D34EC6BF4}"
EndProject
Project("{2150E333-8FDC-42A3-9474-1A3956D46DE8}") = "src", "src", "{4BF6CBAA-9130-45B2-9FBE-90358B4430B0}"
EndProject
Project("{2150E333-8FDC-42A3-9474-1A3956D46DE8}") = "test", "test", "{C8115AF9-B6AB-439D-BF8F-F2BCED65F858}"
EndProject
Global
	GlobalSection(SolutionConfigurationPlatforms) = preSolution
		Debug|Any CPU = Debug|Any CPU
		Release|Any CPU = Release|Any CPU
	EndGlobalSection
	GlobalSection(ProjectConfigurationPlatforms) = postSolution
		{49ED7FBC-9879-4526-AD43-A4AC451FEB81}.Debug|Any CPU.ActiveCfg = Debug|Any CPU
		{49ED7FBC-9879-4526-AD43-A4AC451FEB81}.Debug|Any CPU.Build.0 = Debug|Any CPU
		{49ED7FBC-9879-4526-AD43-A4AC451FEB81}.Release|Any CPU.ActiveCfg = Release|Any CPU
		{49ED7FBC-9879-4526-AD43-A4AC451FEB81}.Release|Any CPU.Build.0 = Release|Any CPU
		{6AFDBE96-42A4-4496-9248-B29DC9F073E0}.Debug|Any CPU.ActiveCfg = Debug|Any CPU
		{6AFDBE96-42A4-4496-9248-B29DC9F073E0}.Debug|Any CPU.Build.0 = Debug|Any CPU
		{6AFDBE96-42A4-4496-9248-B29DC9F073E0}.Release|Any CPU.ActiveCfg = Release|Any CPU
		{6AFDBE96-42A4-4496-9248-B29DC9F073E0}.Release|Any CPU.Build.0 = Release|Any CPU
		{FAE93517-6F50-49ED-A99C-262D34EC6BF4}.Debug|Any CPU.ActiveCfg = Debug|Any CPU
		{FAE93517-6F50-49ED-A99C-262D34EC6BF4}.Debug|Any CPU.Build.0 = Debug|Any CPU
		{FAE93517-6F50-49ED-A99C-262D34EC6BF4}.Release|Any CPU.ActiveCfg = Release|Any CPU
		{FAE93517-6F50-49ED-A99C-262D34EC6BF4}.Release|Any CPU.Build.0 = Release|Any CPU
	EndGlobalSection
	GlobalSection(SolutionProperties) = preSolution
		HideSolutionNode = FALSE
	EndGlobalSection
	GlobalSection(NestedProjects) = preSolution
		{49ED7FBC-9879-4526-AD43-A4AC451FEB81} = {4BF6CBAA-9130-45B2-9FBE-90358B4430B0}
		{6AFDBE96-42A4-4496-9248-B29DC9F073E0} = {4BF6CBAA-9130-45B2-9FBE-90358B4430B0}
		{FAE93517-6F50-49ED-A99C-262D34EC6BF4} = {C8115AF9-B6AB-439D-BF8F-F2BCED65F858}
	EndGlobalSection
	GlobalSection(ExtensibilityGlobals) = postSolution
		SolutionGuid = {C788A446-482C-485B-8244-BE285385DD7F}
	EndGlobalSection
EndGlobal
